ELM-LOCK-V1
module=virtio.block
version=0.1.0
mode=y
cargo_elm=0.1.0
rustc=rustc 1.89.0-nightly (60dabef95 2025-05-19)
profile	riscv64gc-unknown-none-elf	contest-2026	1	b7286352a56996db2e79f4fc7bba7b35a2936cfa3150a7df74cac8ae540a49a2	7b5c798d3775baa57008e745f3dbaaedad18c519fcbf5085a1e8836f79117f2c	9120835337be907ee80b6c0831736e8130b643fbebd13b56c5b1d07099b08128	9b8a63312da8eefaf4f07ab5f88a2048a9e8ae6d1bcf5cf2382eaeefeaf1a9ad
