ELM-LOCK-V1
module=virtio.block
version=0.1.0
mode=y
cargo_elm=0.1.0
rustc=rustc 1.89.0-nightly (60dabef95 2025-05-19)
profile	loongarch64-unknown-none	contest-2026	1	0556fd70a3eba0bf6c41c1bb4ca127b3b8e1d20a9eb379e3f226821ca5794af5	c3bb7fbe60dbf946ab504f52704944c51aabf292ebc70daaf54fba000f81fcf5	f9cc414f7e6435f867332e8177adc017f498124282a42a3316ecf8ad99b0fca1	1e9a7e39e65b8f7a3d94504aa33b9824ebb2dc4e7d6f6ea39b16009705c5f527
