ELM-LOCK-V1
module=virtio.block
version=0.1.0
mode=y
cargo_elm=0.1.0
rustc=rustc 1.89.0-nightly (60dabef95 2025-05-19)
profile	loongarch64-unknown-none	contest-2026	1	5c588613183659aa1c1451f7c56c066d7381635ae883b5a65faf5648d062d7c4	0dcb050b683cfb6770490f15959cb864e35479fd53ea7b2951161c087dccdf1a	42c06ef0b0566ff5ac79a539867a42a74148c51e8790ab9f52ab9090e57b3a21	abef416b6963f2dc2a1f64e63c55d480e19914b897c3ab882b66ceb0081a46c6
profile	riscv64gc-unknown-none-elf	contest-2026	1	5c588613183659aa1c1451f7c56c066d7381635ae883b5a65faf5648d062d7c4	0dcb050b683cfb6770490f15959cb864e35479fd53ea7b2951161c087dccdf1a	42c06ef0b0566ff5ac79a539867a42a74148c51e8790ab9f52ab9090e57b3a21	3d2fff38be5173e1d8fdacf247ac233b274f8da141394670b83e020b503cb46c
