ELM-LOCK-V1
module=net.virtio
version=0.1.0
mode=m
cargo_elm=0.1.0
rustc=rustc 1.89.0-nightly (60dabef95 2025-05-19)
profile	loongarch64-unknown-none	contest-2026	1	f9f8f6c7a5227eedce9be67581a271d3e9c68aef940efef28d77d499d0ad3920	50042bc4af30ecab78a1bf54c1d083c50c381d31b750cc0a652291caf63ba4d1	930dd18ec23368441fecbc22da71f6006cc8fa4337bd503b0627e6e5f077e658	a8a93533872d4f1705bbf4244e1d16779703e28d965bdc748941a760306a8092
