ELM-LOCK-V1
module=virtio.framework
version=0.1.0
mode=y
cargo_elm=0.1.0
rustc=rustc 1.89.0-nightly (60dabef95 2025-05-19)
profile	loongarch64-unknown-none	contest-2026	1	d324fcdf1778f2be3b34307920e94c9b9a7cc3d4c882d0c90c5e36522d57b9b6	ff6f2483de7c6c19fc6575cf2a7ae020f4b2a03f22b4783a6c82fe2f8543fb81	6ae3137f6c1def1a861f95c13d156bf2d0e7c04e75eafec8f225d7bbc6784fa7	3234db7eca6b980febf83646a8b81c84b2a1646826346cdaa1c117a608f5651b
