ELM-LOCK-V1
module=virtio.framework
version=0.1.0
mode=m
cargo_elm=0.1.0
rustc=rustc 1.89.0-nightly (60dabef95 2025-05-19)
profile	riscv64gc-unknown-none-elf	contest-2026	1	0556fd70a3eba0bf6c41c1bb4ca127b3b8e1d20a9eb379e3f226821ca5794af5	59f5f6412aa0e049db1f8b17fdafe5a49f1f04c21ce04933370a5875cf362d3f	f9cc414f7e6435f867332e8177adc017f498124282a42a3316ecf8ad99b0fca1	1094dd27966eb9598735248892d5ffad80e0a3a693bfcc166cf1bc557502052e
