ELM-LOCK-V1
module=virtio.framework
version=0.1.0
mode=y
cargo_elm=0.1.0
rustc=rustc 1.89.0-nightly (60dabef95 2025-05-19)
profile	riscv64gc-unknown-none-elf	contest-2026	1	a851f38f5a91d05ff5a6b9f13c33dc245ee1167fd2137d76ff2d9816dccb0324	a45ea1fe64813e3fe5a041ee2aa0ce6980337057440b5ad2754954a5b5003daf	83412ba9ca5cfe6486856ff915abfdb6ac79b954e12356b09473950bce935433	e08ca894fa1594fd29365b012ef4b483f6ad8ab96e81345360c5251de02db0b4
