ELM-LOCK-V1
module=test.kernel-mixin
version=0.1.0
mode=m
cargo_elm=0.1.0
rustc=rustc 1.89.0-nightly (60dabef95 2025-05-19)
profile	loongarch64-unknown-none	contest-2026	1	d324fcdf1778f2be3b34307920e94c9b9a7cc3d4c882d0c90c5e36522d57b9b6	ff6f2483de7c6c19fc6575cf2a7ae020f4b2a03f22b4783a6c82fe2f8543fb81	4186e90958c2495a1aae065e8071194976742a74bee11dad14bda685e31c87b1	861a6ff78663e3195b4ca12a176af88e44e7482a9ffbe99b277ce536c36df4ed
profile	riscv64gc-unknown-none-elf	contest-2026	1	d324fcdf1778f2be3b34307920e94c9b9a7cc3d4c882d0c90c5e36522d57b9b6	ff6f2483de7c6c19fc6575cf2a7ae020f4b2a03f22b4783a6c82fe2f8543fb81	4186e90958c2495a1aae065e8071194976742a74bee11dad14bda685e31c87b1	29b528cf457bb0064caa0121689da0c8bb726e483883bfbcd34e5ed2f202994c
