ELM-LOCK-V1
module=platform.ls7a-rtc
version=0.1.0
mode=y
cargo_elm=0.1.0
rustc=rustc 1.89.0-nightly (60dabef95 2025-05-19)
profile	loongarch64-unknown-none	contest-2026	1	fa3e568943ffe4372ea703e908e50f7611d2e55b1567b1db844abe04ebc80431	ff31f3810b62fa829cc96c712fcfc59a4f0f25b0dea1b5d80e6f3f58b208861d	83412ba9ca5cfe6486856ff915abfdb6ac79b954e12356b09473950bce935433	1172679e6784e23848142b2fc06253e84b5e9b11a050a7f25f2905fbcaf0907e
