ELM-LOCK-V1
module=platform.cfi-flash
version=0.1.0
mode=y
cargo_elm=0.1.0
rustc=rustc 1.89.0-nightly (60dabef95 2025-05-19)
profile	loongarch64-unknown-none	contest-2026	1	1f80174a2872ea52ae596a70b9eff094e2e9f4e90b1026c49bf9b94275a5eb7d	8f8217446884dcbbf53d8a532506578ac9c4117d8cfca181fd05d860ef64b912	f7e7aec13c28e86be4cd09bfaff1e0b28523a9cc67fec172e0da93c69825891e	992adc5a9aa29f58750260889874900b4ea6c81a7dce829c915a0fb1c05beea9
