ELM-LOCK-V1
module=platform.cfi-flash
version=0.1.0
mode=y
cargo_elm=0.1.0
rustc=rustc 1.89.0-nightly (60dabef95 2025-05-19)
profile	riscv64gc-unknown-none-elf	contest-2026	1	cc3a5a4d300a97a8a40b206f5ee1e0f9f314e340b1f23253e78a992243fe1cb0	df31d8044a6e7e20b9ebfb8214d77a20376387fe59060596c031fd58f9db876f	f9cc414f7e6435f867332e8177adc017f498124282a42a3316ecf8ad99b0fca1	6d3527f8783ae3a46a61ce82d41a8567dda56df9780ae73dd2c96993e5256257
