ELM-LOCK-V1
module=platform.cfi-flash
version=0.1.0
mode=y
cargo_elm=0.1.0
rustc=rustc 1.89.0-nightly (60dabef95 2025-05-19)
profile	loongarch64-unknown-none	contest-2026	1	fa3e568943ffe4372ea703e908e50f7611d2e55b1567b1db844abe04ebc80431	c0f9af1ccf3406a4882b2d7468be9ae7b85dbd999cfd909720058357a831e821	83412ba9ca5cfe6486856ff915abfdb6ac79b954e12356b09473950bce935433	719d27f2adcd9fcb23aa52dbfca0519d4faa9efbcc236a857c084c56915db8a7
