ELM-LOCK-V1
module=platform.loongson-irq
version=0.1.0
mode=y
cargo_elm=0.1.0
rustc=rustc 1.89.0-nightly (60dabef95 2025-05-19)
profile	loongarch64-unknown-none	contest-2026	1	1f80174a2872ea52ae596a70b9eff094e2e9f4e90b1026c49bf9b94275a5eb7d	4d7eb75e19771d0e48894d4060342f4814ac7e313ddf34a24aa7256493e7c26b	f9cc414f7e6435f867332e8177adc017f498124282a42a3316ecf8ad99b0fca1	2d9315b30872bdfc65fae69ddfe8ca937c328b1a4c556c9c8319216450e890ee
