ELM-LOCK-V1
module=platform.loongson-irq
version=0.1.0
mode=y
cargo_elm=0.1.0
rustc=rustc 1.89.0-nightly (60dabef95 2025-05-19)
profile	loongarch64-unknown-none	contest-2026	1	fa3e568943ffe4372ea703e908e50f7611d2e55b1567b1db844abe04ebc80431	535ad4f1c7d72b83b0e05243e43130ce5b9d2cd703ef2201d83d00b96b291c48	83412ba9ca5cfe6486856ff915abfdb6ac79b954e12356b09473950bce935433	bd73365adf356146b461ceef87edd0b061bcf0a3a3a8b7c973bdcbf40a3e4db0
