ELM-LOCK-V1
module=platform.loongson-irq
version=0.1.0
mode=y
cargo_elm=0.1.0
rustc=rustc 1.89.0-nightly (60dabef95 2025-05-19)
profile	loongarch64-unknown-none	contest-2026	1	fa3e568943ffe4372ea703e908e50f7611d2e55b1567b1db844abe04ebc80431	8ccdaf1502b93a022dc2f94f95361d3ef1e7664c58eb3070074e7524137911d1	83412ba9ca5cfe6486856ff915abfdb6ac79b954e12356b09473950bce935433	f0d3cd6d62b2808562266c663fb9182fc8a78c14237edff956b6502f8867a008
