ELM-LOCK-V1
module=platform.fw-cfg
version=0.1.0
mode=y
cargo_elm=0.1.0
rustc=rustc 1.89.0-nightly (60dabef95 2025-05-19)
profile	loongarch64-unknown-none	contest-2026	1	fa3e568943ffe4372ea703e908e50f7611d2e55b1567b1db844abe04ebc80431	c3f49277fdcd96b77f29fbda903489da188f2eea4b079ab369bb20f63886551b	83412ba9ca5cfe6486856ff915abfdb6ac79b954e12356b09473950bce935433	9744dd81d4497ba55e785bce23b08fbefe78ab0c98f6184d9b64982931726b60
