ELM-LOCK-V1
module=platform.fw-cfg
version=0.1.0
mode=y
cargo_elm=0.1.0
rustc=rustc 1.89.0-nightly (60dabef95 2025-05-19)
profile	riscv64gc-unknown-none-elf	contest-2026	1	1f80174a2872ea52ae596a70b9eff094e2e9f4e90b1026c49bf9b94275a5eb7d	ac0964e8b416d4e6d88042645531f8e31cce903cfe4d3eb641ef19c2527cd91f	f7e7aec13c28e86be4cd09bfaff1e0b28523a9cc67fec172e0da93c69825891e	67a2de5a7140aa6fd09f78e2608798b55edf01624ce90ac229941634b9c1de33
